
Microsoft Visual Studio Solution File, Format Version 12.00
# Visual Studio Version 17
VisualStudioVersion = 17.2.32630.192
MinimumVisualStudioVersion = 10.0.40219.1
Project("{FAE04EC0-301F-11D3-BF4B-00C04F79EFBC}") = "proram.cs", "proram.cs\proram.cs.csproj", "{FE75553E-9C7E-464A-A683-F925FF6B9D97}"
EndProject
Global
	GlobalSection(SolutionConfigurationPlatforms) = preSolution
		Debug|Any CPU = Debug|Any CPU
		Release|Any CPU = Release|Any CPU
	EndGlobalSection
	GlobalSection(ProjectConfigurationPlatforms) = postSolution
		{FE75553E-9C7E-464A-A683-F925FF6B9D97}.Debug|Any CPU.ActiveCfg = Debug|Any CPU
		{FE75553E-9C7E-464A-A683-F925FF6B9D97}.Debug|Any CPU.Build.0 = Debug|Any CPU
		{FE75553E-9C7E-464A-A683-F925FF6B9D97}.Release|Any CPU.ActiveCfg = Release|Any CPU
		{FE75553E-9C7E-464A-A683-F925FF6B9D97}.Release|Any CPU.Build.0 = Release|Any CPU
	EndGlobalSection
	GlobalSection(SolutionProperties) = preSolution
		HideSolutionNode = FALSE
	EndGlobalSection
	GlobalSection(ExtensibilityGlobals) = postSolution
		SolutionGuid = {D331EB36-DB23-4AF4-B0E5-646084133339}
	EndGlobalSection
EndGlobal
